// !$*UTF8*$!
{
	archiveVersion = 1;
	classes = {
	};
	objectVersion = 50;
	objects = {

/* Begin PBXBuildFile section */
		108A00D623AF1519004EE956 /* ASMainInfoView.swift in Sources */ = {isa = PBXBuildFile; fileRef = 108A00D523AF1519004EE956 /* ASMainInfoView.swift */; };
		108A00D823AF340D004EE956 /* ASPMDataScrollview.swift in Sources */ = {isa = PBXBuildFile; fileRef = 108A00D723AF340D004EE956 /* ASPMDataScrollview.swift */; };
		108A00DD23AF3581004EE956 /* ASPMInfo.swift in Sources */ = {isa = PBXBuildFile; fileRef = 108A00DC23AF3581004EE956 /* ASPMInfo.swift */; };
		108A00E023AF53F2004EE956 /* ASPMCell.swift in Sources */ = {isa = PBXBuildFile; fileRef = 108A00DF23AF53F2004EE956 /* ASPMCell.swift */; };
		108A00E323AF6027004EE956 /* Sample.swift in Sources */ = {isa = PBXBuildFile; fileRef = 108A00E223AF6027004EE956 /* Sample.swift */; };
		1095967A23AB1066000E6286 /* AppDelegate.swift in Sources */ = {isa = PBXBuildFile; fileRef = 1095967923AB1066000E6286 /* AppDelegate.swift */; };
		1095967C23AB1066000E6286 /* SceneDelegate.swift in Sources */ = {isa = PBXBuildFile; fileRef = 1095967B23AB1066000E6286 /* SceneDelegate.swift */; };
		1095967E23AB1066000E6286 /* ContentView.swift in Sources */ = {isa = PBXBuildFile; fileRef = 1095967D23AB1066000E6286 /* ContentView.swift */; };
		1095968023AB1068000E6286 /* Assets.xcassets in Resources */ = {isa = PBXBuildFile; fileRef = 1095967F23AB1068000E6286 /* Assets.xcassets */; };
		1095968323AB1068000E6286 /* Preview Assets.xcassets in Resources */ = {isa = PBXBuildFile; fileRef = 1095968223AB1068000E6286 /* Preview Assets.xcassets */; };
		1095968623AB1068000E6286 /* LaunchScreen.storyboard in Resources */ = {isa = PBXBuildFile; fileRef = 1095968423AB1068000E6286 /* LaunchScreen.storyboard */; };
/* End PBXBuildFile section */

/* Begin PBXFileReference section */
		108A00D523AF1519004EE956 /* ASMainInfoView.swift */ = {isa = PBXFileReference; lastKnownFileType = sourcecode.swift; path = ASMainInfoView.swift; sourceTree = "<group>"; };
		108A00D723AF340D004EE956 /* ASPMDataScrollview.swift */ = {isa = PBXFileReference; lastKnownFileType = sourcecode.swift; path = ASPMDataScrollview.swift; sourceTree = "<group>"; };
		108A00DC23AF3581004EE956 /* ASPMInfo.swift */ = {isa = PBXFileReference; lastKnownFileType = sourcecode.swift; path = ASPMInfo.swift; sourceTree = "<group>"; };
		108A00DF23AF53F2004EE956 /* ASPMCell.swift */ = {isa = PBXFileReference; lastKnownFileType = sourcecode.swift; path = ASPMCell.swift; sourceTree = "<group>"; };
		108A00E223AF6027004EE956 /* Sample.swift */ = {isa = PBXFileReference; lastKnownFileType = sourcecode.swift; path = Sample.swift; sourceTree = "<group>"; };
		1095967623AB1066000E6286 /* PM2.5-Tip.app */ = {isa = PBXFileReference; explicitFileType = wrapper.application; includeInIndex = 0; path = "PM2.5-Tip.app"; sourceTree = BUILT_PRODUCTS_DIR; };
		1095967923AB1066000E6286 /* AppDelegate.swift */ = {isa = PBXFileReference; lastKnownFileType = sourcecode.swift; path = AppDelegate.swift; sourceTree = "<group>"; };
		1095967B23AB1066000E6286 /* SceneDelegate.swift */ = {isa = PBXFileReference; lastKnownFileType = sourcecode.swift; path = SceneDelegate.swift; sourceTree = "<group>"; };
		1095967D23AB1066000E6286 /* ContentView.swift */ = {isa = PBXFileReference; lastKnownFileType = sourcecode.swift; path = ContentView.swift; sourceTree = "<group>"; };
		1095967F23AB1068000E6286 /* Assets.xcassets */ = {isa = PBXFileReference; lastKnownFileType = folder.assetcatalog; path = Assets.xcassets; sourceTree = "<group>"; };
		1095968223AB1068000E6286 /* Preview Assets.xcassets */ = {isa = PBXFileReference; lastKnownFileType = folder.assetcatalog; path = "Preview Assets.xcassets"; sourceTree = "<group>"; };
		1095968523AB1068000E6286 /* Base */ = {isa = PBXFileReference; lastKnownFileType = file.storyboard; name = Base; path = Base.lproj/LaunchScreen.storyboard; sourceTree = "<group>"; };
		1095968723AB1068000E6286 /* Info.plist */ = {isa = PBXFileReference; lastKnownFileType = text.plist.xml; path = Info.plist; sourceTree = "<group>"; };
/* End PBXFileReference section */

/* Begin PBXFrameworksBuildPhase section */
		1095967323AB1065000E6286 /* Frameworks */ = {
			isa = PBXFrameworksBuildPhase;
			buildActionMask = 2147483647;
			files = (
			);
			runOnlyForDeploymentPostprocessing = 0;
		};
/* End PBXFrameworksBuildPhase section */

/* Begin PBXGroup section */
		108A00D423AF14F1004EE956 /* Views */ = {
			isa = PBXGroup;
			children = (
				108A00D523AF1519004EE956 /* ASMainInfoView.swift */,
				108A00D723AF340D004EE956 /* ASPMDataScrollview.swift */,
			);
			path = Views;
			sourceTree = "<group>";
		};
		108A00D923AF3501004EE956 /* Model */ = {
			isa = PBXGroup;
			children = (
				108A00DC23AF3581004EE956 /* ASPMInfo.swift */,
			);
			path = Model;
			sourceTree = "<group>";
		};
		108A00DE23AF50E9004EE956 /* Cells */ = {
			isa = PBXGroup;
			children = (
				108A00DF23AF53F2004EE956 /* ASPMCell.swift */,
			);
			path = Cells;
			sourceTree = "<group>";
		};
		108A00E123AF5FA9004EE956 /* Sample */ = {
			isa = PBXGroup;
			children = (
				108A00E223AF6027004EE956 /* Sample.swift */,
			);
			path = Sample;
			sourceTree = "<group>";
		};
		1095966D23AB1065000E6286 = {
			isa = PBXGroup;
			children = (
				1095967823AB1066000E6286 /* PM2.5-Tip */,
				1095967723AB1066000E6286 /* Products */,
			);
			sourceTree = "<group>";
		};
		1095967723AB1066000E6286 /* Products */ = {
			isa = PBXGroup;
			children = (
				1095967623AB1066000E6286 /* PM2.5-Tip.app */,
			);
			name = Products;
			sourceTree = "<group>";
		};
		1095967823AB1066000E6286 /* PM2.5-Tip */ = {
			isa = PBXGroup;
			children = (
				108A00E123AF5FA9004EE956 /* Sample */,
				108A00DE23AF50E9004EE956 /* Cells */,
				108A00D923AF3501004EE956 /* Model */,
				108A00D423AF14F1004EE956 /* Views */,
				1095967923AB1066000E6286 /* AppDelegate.swift */,
				1095967B23AB1066000E6286 /* SceneDelegate.swift */,
				1095967D23AB1066000E6286 /* ContentView.swift */,
				1095967F23AB1068000E6286 /* Assets.xcassets */,
				1095968423AB1068000E6286 /* LaunchScreen.storyboard */,
				1095968723AB1068000E6286 /* Info.plist */,
				1095968123AB1068000E6286 /* Preview Content */,
			);
			path = "PM2.5-Tip";
			sourceTree = "<group>";
		};
		1095968123AB1068000E6286 /* Preview Content */ = {
			isa = PBXGroup;
			children = (
				1095968223AB1068000E6286 /* Preview Assets.xcassets */,
			);
			path = "Preview Content";
			sourceTree = "<group>";
		};
/* End PBXGroup section */

/* Begin PBXNativeTarget section */
		1095967523AB1065000E6286 /* PM2.5-Tip */ = {
			isa = PBXNativeTarget;
			buildConfigurationList = 1095968A23AB1068000E6286 /* Build configuration list for PBXNativeTarget "PM2.5-Tip" */;
			buildPhases = (
				1095967223AB1065000E6286 /* Sources */,
				1095967323AB1065000E6286 /* Frameworks */,
				1095967423AB1065000E6286 /* Resources */,
			);
			buildRules = (
			);
			dependencies = (
			);
			name = "PM2.5-Tip";
			productName = "PM2.5-Tip";
			productReference = 1095967623AB1066000E6286 /* PM2.5-Tip.app */;
			productType = "com.apple.product-type.application";
		};
/* End PBXNativeTarget section */

/* Begin PBXProject section */
		1095966E23AB1065000E6286 /* Project object */ = {
			isa = PBXProject;
			attributes = {
				LastSwiftUpdateCheck = 1130;
				LastUpgradeCheck = 1130;
				ORGANIZATIONNAME = com.austin.pool;
				TargetAttributes = {
					1095967523AB1065000E6286 = {
						CreatedOnToolsVersion = 11.3;
					};
				};
			};
			buildConfigurationList = 1095967123AB1065000E6286 /* Build configuration list for PBXProject "PM2.5-Tip" */;
			compatibilityVersion = "Xcode 9.3";
			developmentRegion = en;
			hasScannedForEncodings = 0;
			knownRegions = (
				en,
				Base,
			);
			mainGroup = 1095966D23AB1065000E6286;
			productRefGroup = 1095967723AB1066000E6286 /* Products */;
			projectDirPath = "";
			projectRoot = "";
			targets = (
				1095967523AB1065000E6286 /* PM2.5-Tip */,
			);
		};
/* End PBXProject section */

/* Begin PBXResourcesBuildPhase section */
		1095967423AB1065000E6286 /* Resources */ = {
			isa = PBXResourcesBuildPhase;
			buildActionMask = 2147483647;
			files = (
				1095968623AB1068000E6286 /* LaunchScreen.storyboard in Resources */,
				1095968323AB1068000E6286 /* Preview Assets.xcassets in Resources */,
				1095968023AB1068000E6286 /* Assets.xcassets in Resources */,
			);
			runOnlyForDeploymentPostprocessing = 0;
		};
/* End PBXResourcesBuildPhase section */

/* Begin PBXSourcesBuildPhase section */
		1095967223AB1065000E6286 /* Sources */ = {
			isa = PBXSourcesBuildPhase;
			buildActionMask = 2147483647;
			files = (
				1095967A23AB1066000E6286 /* AppDelegate.swift in Sources */,
				108A00E323AF6027004EE956 /* Sample.swift in Sources */,
				1095967C23AB1066000E6286 /* SceneDelegate.swift in Sources */,
				108A00E023AF53F2004EE956 /* ASPMCell.swift in Sources */,
				108A00DD23AF3581004EE956 /* ASPMInfo.swift in Sources */,
				1095967E23AB1066000E6286 /* ContentView.swift in Sources */,
				108A00D823AF340D004EE956 /* ASPMDataScrollview.swift in Sources */,
				108A00D623AF1519004EE956 /* ASMainInfoView.swift in Sources */,
			);
			runOnlyForDeploymentPostprocessing = 0;
		};
/* End PBXSourcesBuildPhase section */

/* Begin PBXVariantGroup section */
		1095968423AB1068000E6286 /* LaunchScreen.storyboard */ = {
			isa = PBXVariantGroup;
			children = (
				1095968523AB1068000E6286 /* Base */,
			);
			name = LaunchScreen.storyboard;
			sourceTree = "<group>";
		};
/* End PBXVariantGroup section */

/* Begin XCBuildConfiguration section */
		1095968823AB1068000E6286 /* Debug */ = {
			isa = XCBuildConfiguration;
			buildSettings = {
				ALWAYS_SEARCH_USER_PATHS = NO;
				CLANG_ANALYZER_NONNULL = YES;
				CLANG_ANALYZER_NUMBER_OBJECT_CONVERSION = YES_AGGRESSIVE;
				CLANG_CXX_LANGUAGE_STANDARD = "gnu++14";
				CLANG_CXX_LIBRARY = "libc++";
				CLANG_ENABLE_MODULES = YES;
				CLANG_ENABLE_OBJC_ARC = YES;
				CLANG_ENABLE_OBJC_WEAK = YES;
				CLANG_WARN_BLOCK_CAPTURE_AUTORELEASING = YES;
				CLANG_WARN_BOOL_CONVERSION = YES;
				CLANG_WARN_COMMA = YES;
				CLANG_WARN_CONSTANT_CONVERSION = YES;
				CLANG_WARN_DEPRECATED_OBJC_IMPLEMENTATIONS = YES;
				CLANG_WARN_DIRECT_OBJC_ISA_USAGE = YES_ERROR;
				CLANG_WARN_DOCUMENTATION_COMMENTS = YES;
				CLANG_WARN_EMPTY_BODY = YES;
				CLANG_WARN_ENUM_CONVERSION = YES;
				CLANG_WARN_INFINITE_RECURSION = YES;
				CLANG_WARN_INT_CONVERSION = YES;
				CLANG_WARN_NON_LITERAL_NULL_CONVERSION = YES;
				CLANG_WARN_OBJC_IMPLICIT_RETAIN_SELF = YES;
				CLANG_WARN_OBJC_LITERAL_CONVERSION = YES;
				CLANG_WARN_OBJC_ROOT_CLASS = YES_ERROR;
				CLANG_WARN_RANGE_LOOP_ANALYSIS = YES;
				CLANG_WARN_STRICT_PROTOTYPES = YES;
				CLANG_WARN_SUSPICIOUS_MOVE = YES;
				CLANG_WARN_UNGUARDED_AVAILABILITY = YES_AGGRESSIVE;
				CLANG_WARN_UNREACHABLE_CODE = YES;
				CLANG_WARN__DUPLICATE_METHOD_MATCH = YES;
				COPY_PHASE_STRIP = NO;
				DEBUG_INFORMATION_FORMAT = dwarf;
				ENABLE_STRICT_OBJC_MSGSEND = YES;
				ENABLE_TESTABILITY = YES;
				GCC_C_LANGUAGE_STANDARD = gnu11;
				GCC_DYNAMIC_NO_PIC = NO;
				GCC_NO_COMMON_BLOCKS = YES;
				GCC_OPTIMIZATION_LEVEL = 0;
				GCC_PREPROCESSOR_DEFINITIONS = (
					"DEBUG=1",
					"$(inherited)",
				);
				GCC_WARN_64_TO_32_BIT_CONVERSION = YES;
				GCC_WARN_ABOUT_RETURN_TYPE = YES_ERROR;
				GCC_WARN_UNDECLARED_SELECTOR = YES;
				GCC_WARN_UNINITIALIZED_AUTOS = YES_AGGRESSIVE;
				GCC_WARN_UNUSED_FUNCTION = YES;
				GCC_WARN_UNUSED_VARIABLE = YES;
				IPHONEOS_DEPLOYMENT_TARGET = 13.2;
				MTL_ENABLE_DEBUG_INFO = INCLUDE_SOURCE;
				MTL_FAST_MATH = YES;
				ONLY_ACTIVE_ARCH = YES;
				SDKROOT = iphoneos;
				SWIFT_ACTIVE_COMPILATION_CONDITIONS = DEBUG;
				SWIFT_OPTIMIZATION_LEVEL = "-Onone";
			};
			name = Debug;
		};
		1095968923AB1068000E6286 /* Release */ = {
			isa = XCBuildConfiguration;
			buildSettings = {
				ALWAYS_SEARCH_USER_PATHS = NO;
				CLANG_ANALYZER_NONNULL = YES;
				CLANG_ANALYZER_NUMBER_OBJECT_CONVERSION = YES_AGGRESSIVE;
				CLANG_CXX_LANGUAGE_STANDARD = "gnu++14";
				CLANG_CXX_LIBRARY = "libc++";
				CLANG_ENABLE_MODULES = YES;
				CLANG_ENABLE_OBJC_ARC = YES;
				CLANG_ENABLE_OBJC_WEAK = YES;
				CLANG_WARN_BLOCK_CAPTURE_AUTORELEASING = YES;
				CLANG_WARN_BOOL_CONVERSION = YES;
				CLANG_WARN_COMMA = YES;
				CLANG_WARN_CONSTANT_CONVERSION = YES;
				CLANG_WARN_DEPRECATED_OBJC_IMPLEMENTATIONS = YES;
				CLANG_WARN_DIRECT_OBJC_ISA_USAGE = YES_ERROR;
				CLANG_WARN_DOCUMENTATION_COMMENTS = YES;
				CLANG_WARN_EMPTY_BODY = YES;
				CLANG_WARN_ENUM_CONVERSION = YES;
				CLANG_WARN_INFINITE_RECURSION = YES;
				CLANG_WARN_INT_CONVERSION = YES;
				CLANG_WARN_NON_LITERAL_NULL_CONVERSION = YES;
				CLANG_WARN_OBJC_IMPLICIT_RETAIN_SELF = YES;
				CLANG_WARN_OBJC_LITERAL_CONVERSION = YES;
				CLANG_WARN_OBJC_ROOT_CLASS = YES_ERROR;
				CLANG_WARN_RANGE_LOOP_ANALYSIS = YES;
				CLANG_WARN_STRICT_PROTOTYPES = YES;
				CLANG_WARN_SUSPICIOUS_MOVE = YES;
				CLANG_WARN_UNGUARDED_AVAILABILITY = YES_AGGRESSIVE;
				CLANG_WARN_UNREACHABLE_CODE = YES;
				CLANG_WARN__DUPLICATE_METHOD_MATCH = YES;
				COPY_PHASE_STRIP = NO;
				DEBUG_INFORMATION_FORMAT = "dwarf-with-dsym";
				ENABLE_NS_ASSERTIONS = NO;
				ENABLE_STRICT_OBJC_MSGSEND = YES;
				GCC_C_LANGUAGE_STANDARD = gnu11;
				GCC_NO_COMMON_BLOCKS = YES;
				GCC_WARN_64_TO_32_BIT_CONVERSION = YES;
				GCC_WARN_ABOUT_RETURN_TYPE = YES_ERROR;
				GCC_WARN_UNDECLARED_SELECTOR = YES;
				GCC_WARN_UNINITIALIZED_AUTOS = YES_AGGRESSIVE;
				GCC_WARN_UNUSED_FUNCTION = YES;
				GCC_WARN_UNUSED_VARIABLE = YES;
				IPHONEOS_DEPLOYMENT_TARGET = 13.2;
				MTL_ENABLE_DEBUG_INFO = NO;
				MTL_FAST_MATH = YES;
				SDKROOT = iphoneos;
				SWIFT_COMPILATION_MODE = wholemodule;
				SWIFT_OPTIMIZATION_LEVEL = "-O";
				VALIDATE_PRODUCT = YES;
			};
			name = Release;
		};
		1095968B23AB1068000E6286 /* Debug */ = {
			isa = XCBuildConfiguration;
			buildSettings = {
				ASSETCATALOG_COMPILER_APPICON_NAME = AppIcon;
				CODE_SIGN_STYLE = Automatic;
				DEVELOPMENT_ASSET_PATHS = "\"PM2.5-Tip/Preview Content\"";
				ENABLE_PREVIEWS = YES;
				INFOPLIST_FILE = "PM2.5-Tip/Info.plist";
				LD_RUNPATH_SEARCH_PATHS = (
					"$(inherited)",
					"@executable_path/Frameworks",
				);
				PRODUCT_BUNDLE_IDENTIFIER = "com.austin.org.PM2-5-Tip";
				PRODUCT_NAME = "$(TARGET_NAME)";
				SWIFT_VERSION = 5.0;
				TARGETED_DEVICE_FAMILY = "1,2";
			};
			name = Debug;
		};
		1095968C23AB1068000E6286 /* Release */ = {
			isa = XCBuildConfiguration;
			buildSettings = {
				ASSETCATALOG_COMPILER_APPICON_NAME = AppIcon;
				CODE_SIGN_STYLE = Automatic;
				DEVELOPMENT_ASSET_PATHS = "\"PM2.5-Tip/Preview Content\"";
				ENABLE_PREVIEWS = YES;
				INFOPLIST_FILE = "PM2.5-Tip/Info.plist";
				LD_RUNPATH_SEARCH_PATHS = (
					"$(inherited)",
					"@executable_path/Frameworks",
				);
				PRODUCT_BUNDLE_IDENTIFIER = "com.austin.org.PM2-5-Tip";
				PRODUCT_NAME = "$(TARGET_NAME)";
				SWIFT_VERSION = 5.0;
				TARGETED_DEVICE_FAMILY = "1,2";
			};
			name = Release;
		};
/* End XCBuildConfiguration section */

/* Begin XCConfigurationList section */
		1095967123AB1065000E6286 /* Build configuration list for PBXProject "PM2.5-Tip" */ = {
			isa = XCConfigurationList;
			buildConfigurations = (
				1095968823AB1068000E6286 /* Debug */,
				1095968923AB1068000E6286 /* Release */,
			);
			defaultConfigurationIsVisible = 0;
			defaultConfigurationName = Release;
		};
		1095968A23AB1068000E6286 /* Build configuration list for PBXNativeTarget "PM2.5-Tip" */ = {
			isa = XCConfigurationList;
			buildConfigurations = (
				1095968B23AB1068000E6286 /* Debug */,
				1095968C23AB1068000E6286 /* Release */,
			);
			defaultConfigurationIsVisible = 0;
			defaultConfigurationName = Release;
		};
/* End XCConfigurationList section */
	};
	rootObject = 1095966E23AB1065000E6286 /* Project object */;
}
